
Microsoft Visual Studio Solution File, Format Version 12.00
# Visual Studio Version 17
VisualStudioVersion = 17.11.35222.181
MinimumVisualStudioVersion = 10.0.40219.1
Project("{8BC9CEB8-8B4A-11D0-8D11-00A0C91BC942}") = "성적관리", "성적관리.vcxproj", "{9850E9A4-28EC-45C7-A9CF-47FEA023E0F3}"
EndProject
Global
	GlobalSection(SolutionConfigurationPlatforms) = preSolution
		Debug|x64 = Debug|x64
		Debug|x86 = Debug|x86
		Release|x64 = Release|x64
		Release|x86 = Release|x86
	EndGlobalSection
	GlobalSection(ProjectConfigurationPlatforms) = postSolution
		{9850E9A4-28EC-45C7-A9CF-47FEA023E0F3}.Debug|x64.ActiveCfg = Debug|x64
		{9850E9A4-28EC-45C7-A9CF-47FEA023E0F3}.Debug|x64.Build.0 = Debug|x64
		{9850E9A4-28EC-45C7-A9CF-47FEA023E0F3}.Debug|x86.ActiveCfg = Debug|Win32
		{9850E9A4-28EC-45C7-A9CF-47FEA023E0F3}.Debug|x86.Build.0 = Debug|Win32
		{9850E9A4-28EC-45C7-A9CF-47FEA023E0F3}.Release|x64.ActiveCfg = Release|x64
		{9850E9A4-28EC-45C7-A9CF-47FEA023E0F3}.Release|x64.Build.0 = Release|x64
		{9850E9A4-28EC-45C7-A9CF-47FEA023E0F3}.Release|x86.ActiveCfg = Release|Win32
		{9850E9A4-28EC-45C7-A9CF-47FEA023E0F3}.Release|x86.Build.0 = Release|Win32
	EndGlobalSection
	GlobalSection(SolutionProperties) = preSolution
		HideSolutionNode = FALSE
	EndGlobalSection
	GlobalSection(ExtensibilityGlobals) = postSolution
		SolutionGuid = {E2791353-1A11-4F43-A81D-294E2CCE81A2}
	EndGlobalSection
EndGlobal
